
Microsoft Visual Studio Solution File, Format Version 12.00
# Visual Studio Version 17
VisualStudioVersion = 17.5.002.0
MinimumVisualStudioVersion = 10.0.40219.1
Project("{9A19103F-16F7-4668-BE54-9A1E7A4F7556}") = "MarathonMaker", "MarathonMaker.csproj", "{E7BC9219-85FF-44F4-9DCE-20EE2D894891}"
EndProject
Global
	GlobalSection(SolutionConfigurationPlatforms) = preSolution
		Debug|Any CPU = Debug|Any CPU
		Release|Any CPU = Release|Any CPU
	EndGlobalSection
	GlobalSection(ProjectConfigurationPlatforms) = postSolution
		{E7BC9219-85FF-44F4-9DCE-20EE2D894891}.Debug|Any CPU.ActiveCfg = Debug|Any CPU
		{E7BC9219-85FF-44F4-9DCE-20EE2D894891}.Debug|Any CPU.Build.0 = Debug|Any CPU
		{E7BC9219-85FF-44F4-9DCE-20EE2D894891}.Release|Any CPU.ActiveCfg = Release|Any CPU
		{E7BC9219-85FF-44F4-9DCE-20EE2D894891}.Release|Any CPU.Build.0 = Release|Any CPU
	EndGlobalSection
	GlobalSection(SolutionProperties) = preSolution
		HideSolutionNode = FALSE
	EndGlobalSection
	GlobalSection(ExtensibilityGlobals) = postSolution
		SolutionGuid = {A1D1252C-AEE0-40DB-8015-58F0B794704B}
	EndGlobalSection
EndGlobal
